// !$*UTF8*$!
{
	archiveVersion = 1;
	classes = {
	};
	objectVersion = 55;
	objects = {

/* Begin PBXBuildFile section */
		4E7A8EC0E829C241A61EEFA9 /* Pods_BenyamList.framework in Frameworks */ = {isa = PBXBuildFile; fileRef = 9506EE7BD2F5D84FFCCD2991 /* Pods_BenyamList.framework */; };
		FF29C9672965F82A005C0EA3 /* NewTaskPriorityCell.swift in Sources */ = {isa = PBXBuildFile; fileRef = FF29C9662965F82A005C0EA3 /* NewTaskPriorityCell.swift */; };
		FF29C9692965FE29005C0EA3 /* NewTaskPriorityPickerCell.swift in Sources */ = {isa = PBXBuildFile; fileRef = FF29C9682965FE29005C0EA3 /* NewTaskPriorityPickerCell.swift */; };
		FF37E22C293715C90098EAFC /* NewListViewController.swift in Sources */ = {isa = PBXBuildFile; fileRef = FF37E22B293715C90098EAFC /* NewListViewController.swift */; };
		FF37E22E293724230098EAFC /* Extension+UIView.swift in Sources */ = {isa = PBXBuildFile; fileRef = FF37E22D293724230098EAFC /* Extension+UIView.swift */; };
		FF37E232293743AF0098EAFC /* NewTaskListCollectionViewCell.swift in Sources */ = {isa = PBXBuildFile; fileRef = FF37E230293743AF0098EAFC /* NewTaskListCollectionViewCell.swift */; };
		FF4251AA29658B9200DCA9D7 /* NewTaskCategoryCell.swift in Sources */ = {isa = PBXBuildFile; fileRef = FF4251A929658B9200DCA9D7 /* NewTaskCategoryCell.swift */; };
		FF4251AD29658D3700DCA9D7 /* NewTaskCategoryCollectionViewCell.swift in Sources */ = {isa = PBXBuildFile; fileRef = FF4251AC29658D3700DCA9D7 /* NewTaskCategoryCollectionViewCell.swift */; };
		FF5B45C529408A9900F7CAB8 /* CategoryViewCell.swift in Sources */ = {isa = PBXBuildFile; fileRef = FF5B45C429408A9900F7CAB8 /* CategoryViewCell.swift */; };
		FF5B45CE2940A0BD00F7CAB8 /* CategoryCollectionViewCell.swift in Sources */ = {isa = PBXBuildFile; fileRef = FF5B45CD2940A0BD00F7CAB8 /* CategoryCollectionViewCell.swift */; };
		FF5B45D62940CF6100F7CAB8 /* AllTaskTableViewCell.swift in Sources */ = {isa = PBXBuildFile; fileRef = FF5B45D42940CF6100F7CAB8 /* AllTaskTableViewCell.swift */; };
		FF5B45D72940CF6100F7CAB8 /* AllTaskTableViewCell.xib in Resources */ = {isa = PBXBuildFile; fileRef = FF5B45D52940CF6100F7CAB8 /* AllTaskTableViewCell.xib */; };
		FF5B45DC2940D27900F7CAB8 /* UILabelPadding.swift in Sources */ = {isa = PBXBuildFile; fileRef = FF5B45DB2940D27900F7CAB8 /* UILabelPadding.swift */; };
		FF802017295A092000F94AE9 /* TaskViewController.swift in Sources */ = {isa = PBXBuildFile; fileRef = FF802016295A092000F94AE9 /* TaskViewController.swift */; };
		FF80201C295A0DDF00F94AE9 /* NewTaskDetailCell.swift in Sources */ = {isa = PBXBuildFile; fileRef = FF80201B295A0DDF00F94AE9 /* NewTaskDetailCell.swift */; };
		FF80201E295A1E1600F94AE9 /* NewTaskDateAndTimeCell.swift in Sources */ = {isa = PBXBuildFile; fileRef = FF80201D295A1E1600F94AE9 /* NewTaskDateAndTimeCell.swift */; };
		FF802022295A344C00F94AE9 /* NewTaskReminderCell.swift in Sources */ = {isa = PBXBuildFile; fileRef = FF802021295A344C00F94AE9 /* NewTaskReminderCell.swift */; };
		FF9A0C4D293697D60009D328 /* TaskHeaderView.swift in Sources */ = {isa = PBXBuildFile; fileRef = FF9A0C4C293697D60009D328 /* TaskHeaderView.swift */; };
		FF9A0C4F293697FE0009D328 /* TaskHeaderView.xib in Resources */ = {isa = PBXBuildFile; fileRef = FF9A0C4E293697FE0009D328 /* TaskHeaderView.xib */; };
		FFA64B85293630D40037091D /* AppDelegate.swift in Sources */ = {isa = PBXBuildFile; fileRef = FFA64B84293630D40037091D /* AppDelegate.swift */; };
		FFA64B87293630D40037091D /* SceneDelegate.swift in Sources */ = {isa = PBXBuildFile; fileRef = FFA64B86293630D40037091D /* SceneDelegate.swift */; };
		FFA64B8C293630D40037091D /* Main.storyboard in Resources */ = {isa = PBXBuildFile; fileRef = FFA64B8A293630D40037091D /* Main.storyboard */; };
		FFA64B8E293630D50037091D /* Assets.xcassets in Resources */ = {isa = PBXBuildFile; fileRef = FFA64B8D293630D50037091D /* Assets.xcassets */; };
		FFA64B91293630D50037091D /* LaunchScreen.storyboard in Resources */ = {isa = PBXBuildFile; fileRef = FFA64B8F293630D50037091D /* LaunchScreen.storyboard */; };
		FFA64B9D293631A20037091D /* MainViewController.swift in Sources */ = {isa = PBXBuildFile; fileRef = FFA64B9C293631A20037091D /* MainViewController.swift */; };
		FFA64B9F293632BC0037091D /* Statistics.swift in Sources */ = {isa = PBXBuildFile; fileRef = FFA64B9E293632BC0037091D /* Statistics.swift */; };
		FFA64BA12936337C0037091D /* Card.swift in Sources */ = {isa = PBXBuildFile; fileRef = FFA64BA02936337C0037091D /* Card.swift */; };
		FFA64BA3293633B90037091D /* Category.swift in Sources */ = {isa = PBXBuildFile; fileRef = FFA64BA2293633B90037091D /* Category.swift */; };
		FFA64BA6293633FF0037091D /* CategoryColor.swift in Sources */ = {isa = PBXBuildFile; fileRef = FFA64BA5293633FF0037091D /* CategoryColor.swift */; };
		FFA64BA82936341B0037091D /* Task.swift in Sources */ = {isa = PBXBuildFile; fileRef = FFA64BA72936341B0037091D /* Task.swift */; };
		FFA64BAC293634430037091D /* Status.swift in Sources */ = {isa = PBXBuildFile; fileRef = FFA64BAB293634430037091D /* Status.swift */; };
		FFA64BAE293634660037091D /* Priority.swift in Sources */ = {isa = PBXBuildFile; fileRef = FFA64BAD293634660037091D /* Priority.swift */; };
		FFA64BB0293634860037091D /* TaskList.swift in Sources */ = {isa = PBXBuildFile; fileRef = FFA64BAF293634860037091D /* TaskList.swift */; };
		FFA64BB4293635610037091D /* StatisticsCell.swift in Sources */ = {isa = PBXBuildFile; fileRef = FFA64BB2293635610037091D /* StatisticsCell.swift */; };
		FFA64BB5293635610037091D /* StatisticsCell.xib in Resources */ = {isa = PBXBuildFile; fileRef = FFA64BB3293635610037091D /* StatisticsCell.xib */; };
		FFA64BBA293637540037091D /* StatisticsCollectionViewCell.swift in Sources */ = {isa = PBXBuildFile; fileRef = FFA64BB8293637540037091D /* StatisticsCollectionViewCell.swift */; };
		FFA64BBB293637540037091D /* StatisticsCollectionViewCell.xib in Resources */ = {isa = PBXBuildFile; fileRef = FFA64BB9293637540037091D /* StatisticsCollectionViewCell.xib */; };
		FFA64BBE29363BA80037091D /* Extension+UIColor.swift in Sources */ = {isa = PBXBuildFile; fileRef = FFA64BBD29363BA80037091D /* Extension+UIColor.swift */; };
		FFA64BC6293649C90037091D /* CardTableViewCell.swift in Sources */ = {isa = PBXBuildFile; fileRef = FFA64BC4293649C90037091D /* CardTableViewCell.swift */; };
		FFA64BC7293649C90037091D /* CardTableViewCell.xib in Resources */ = {isa = PBXBuildFile; fileRef = FFA64BC5293649C90037091D /* CardTableViewCell.xib */; };
		FFA64BCB29364B540037091D /* CardCollectionViewCell.swift in Sources */ = {isa = PBXBuildFile; fileRef = FFA64BC929364B540037091D /* CardCollectionViewCell.swift */; };
		FFA64BCC29364B550037091D /* CardCollectionViewCell.xib in Resources */ = {isa = PBXBuildFile; fileRef = FFA64BCA29364B540037091D /* CardCollectionViewCell.xib */; };
		FFA64BD32936725E0037091D /* TaskTableViewCell.swift in Sources */ = {isa = PBXBuildFile; fileRef = FFA64BD12936725E0037091D /* TaskTableViewCell.swift */; };
		FFA64BD42936725E0037091D /* TaskTableViewCell.xib in Resources */ = {isa = PBXBuildFile; fileRef = FFA64BD22936725E0037091D /* TaskTableViewCell.xib */; };
		FFD389BC293F76D1005F4CFA /* DateViewCell.swift in Sources */ = {isa = PBXBuildFile; fileRef = FFD389BB293F76D1005F4CFA /* DateViewCell.swift */; };
		FFE6B51A2938C3440062D15B /* TaskListViewController.swift in Sources */ = {isa = PBXBuildFile; fileRef = FFE6B5192938C3440062D15B /* TaskListViewController.swift */; };
		FFF04DBB295DAEC30050210E /* Database.swift in Sources */ = {isa = PBXBuildFile; fileRef = FFF04DBA295DAEC30050210E /* Database.swift */; };
		FFFC52F329391D93004CA5D6 /* WeekCell.swift in Sources */ = {isa = PBXBuildFile; fileRef = FFFC52F229391D93004CA5D6 /* WeekCell.swift */; };
		FFFC52F5293920CB004CA5D6 /* WeekDays.swift in Sources */ = {isa = PBXBuildFile; fileRef = FFFC52F4293920CB004CA5D6 /* WeekDays.swift */; };
		FFFC52F7293923D4004CA5D6 /* Extension+Date.swift in Sources */ = {isa = PBXBuildFile; fileRef = FFFC52F6293923D4004CA5D6 /* Extension+Date.swift */; };
/* End PBXBuildFile section */

/* Begin PBXFileReference section */
		6801B73432991F0003F58B98 /* Pods-BenyamList.debug.xcconfig */ = {isa = PBXFileReference; includeInIndex = 1; lastKnownFileType = text.xcconfig; name = "Pods-BenyamList.debug.xcconfig"; path = "Target Support Files/Pods-BenyamList/Pods-BenyamList.debug.xcconfig"; sourceTree = "<group>"; };
		9506EE7BD2F5D84FFCCD2991 /* Pods_BenyamList.framework */ = {isa = PBXFileReference; explicitFileType = wrapper.framework; includeInIndex = 0; path = Pods_BenyamList.framework; sourceTree = BUILT_PRODUCTS_DIR; };
		F409F9BC74D9827AEBE5FAFF /* Pods-BenyamList.release.xcconfig */ = {isa = PBXFileReference; includeInIndex = 1; lastKnownFileType = text.xcconfig; name = "Pods-BenyamList.release.xcconfig"; path = "Target Support Files/Pods-BenyamList/Pods-BenyamList.release.xcconfig"; sourceTree = "<group>"; };
		FF29C9662965F82A005C0EA3 /* NewTaskPriorityCell.swift */ = {isa = PBXFileReference; lastKnownFileType = sourcecode.swift; path = NewTaskPriorityCell.swift; sourceTree = "<group>"; };
		FF29C9682965FE29005C0EA3 /* NewTaskPriorityPickerCell.swift */ = {isa = PBXFileReference; lastKnownFileType = sourcecode.swift; path = NewTaskPriorityPickerCell.swift; sourceTree = "<group>"; };
		FF37E22B293715C90098EAFC /* NewListViewController.swift */ = {isa = PBXFileReference; lastKnownFileType = sourcecode.swift; path = NewListViewController.swift; sourceTree = "<group>"; };
		FF37E22D293724230098EAFC /* Extension+UIView.swift */ = {isa = PBXFileReference; lastKnownFileType = sourcecode.swift; path = "Extension+UIView.swift"; sourceTree = "<group>"; };
		FF37E230293743AF0098EAFC /* NewTaskListCollectionViewCell.swift */ = {isa = PBXFileReference; lastKnownFileType = sourcecode.swift; path = NewTaskListCollectionViewCell.swift; sourceTree = "<group>"; };
		FF4251A929658B9200DCA9D7 /* NewTaskCategoryCell.swift */ = {isa = PBXFileReference; lastKnownFileType = sourcecode.swift; path = NewTaskCategoryCell.swift; sourceTree = "<group>"; };
		FF4251AC29658D3700DCA9D7 /* NewTaskCategoryCollectionViewCell.swift */ = {isa = PBXFileReference; lastKnownFileType = sourcecode.swift; path = NewTaskCategoryCollectionViewCell.swift; sourceTree = "<group>"; };
		FF5B45C429408A9900F7CAB8 /* CategoryViewCell.swift */ = {isa = PBXFileReference; lastKnownFileType = sourcecode.swift; path = CategoryViewCell.swift; sourceTree = "<group>"; };
		FF5B45CD2940A0BD00F7CAB8 /* CategoryCollectionViewCell.swift */ = {isa = PBXFileReference; fileEncoding = 4; lastKnownFileType = sourcecode.swift; path = CategoryCollectionViewCell.swift; sourceTree = "<group>"; };
		FF5B45D42940CF6100F7CAB8 /* AllTaskTableViewCell.swift */ = {isa = PBXFileReference; lastKnownFileType = sourcecode.swift; path = AllTaskTableViewCell.swift; sourceTree = "<group>"; };
		FF5B45D52940CF6100F7CAB8 /* AllTaskTableViewCell.xib */ = {isa = PBXFileReference; lastKnownFileType = file.xib; path = AllTaskTableViewCell.xib; sourceTree = "<group>"; };
		FF5B45DB2940D27900F7CAB8 /* UILabelPadding.swift */ = {isa = PBXFileReference; lastKnownFileType = sourcecode.swift; path = UILabelPadding.swift; sourceTree = "<group>"; };
		FF802016295A092000F94AE9 /* TaskViewController.swift */ = {isa = PBXFileReference; lastKnownFileType = sourcecode.swift; path = TaskViewController.swift; sourceTree = "<group>"; };
		FF80201B295A0DDF00F94AE9 /* NewTaskDetailCell.swift */ = {isa = PBXFileReference; lastKnownFileType = sourcecode.swift; path = NewTaskDetailCell.swift; sourceTree = "<group>"; };
		FF80201D295A1E1600F94AE9 /* NewTaskDateAndTimeCell.swift */ = {isa = PBXFileReference; lastKnownFileType = sourcecode.swift; path = NewTaskDateAndTimeCell.swift; sourceTree = "<group>"; };
		FF802021295A344C00F94AE9 /* NewTaskReminderCell.swift */ = {isa = PBXFileReference; lastKnownFileType = sourcecode.swift; path = NewTaskReminderCell.swift; sourceTree = "<group>"; };
		FF9A0C4C293697D60009D328 /* TaskHeaderView.swift */ = {isa = PBXFileReference; lastKnownFileType = sourcecode.swift; path = TaskHeaderView.swift; sourceTree = "<group>"; };
		FF9A0C4E293697FE0009D328 /* TaskHeaderView.xib */ = {isa = PBXFileReference; lastKnownFileType = file.xib; path = TaskHeaderView.xib; sourceTree = "<group>"; };
		FFA64B81293630D40037091D /* BenyamList.app */ = {isa = PBXFileReference; explicitFileType = wrapper.application; includeInIndex = 0; path = BenyamList.app; sourceTree = BUILT_PRODUCTS_DIR; };
		FFA64B84293630D40037091D /* AppDelegate.swift */ = {isa = PBXFileReference; lastKnownFileType = sourcecode.swift; path = AppDelegate.swift; sourceTree = "<group>"; };
		FFA64B86293630D40037091D /* SceneDelegate.swift */ = {isa = PBXFileReference; lastKnownFileType = sourcecode.swift; path = SceneDelegate.swift; sourceTree = "<group>"; };
		FFA64B8B293630D40037091D /* Base */ = {isa = PBXFileReference; lastKnownFileType = file.storyboard; name = Base; path = Base.lproj/Main.storyboard; sourceTree = "<group>"; };
		FFA64B8D293630D50037091D /* Assets.xcassets */ = {isa = PBXFileReference; lastKnownFileType = folder.assetcatalog; path = Assets.xcassets; sourceTree = "<group>"; };
		FFA64B90293630D50037091D /* Base */ = {isa = PBXFileReference; lastKnownFileType = file.storyboard; name = Base; path = Base.lproj/LaunchScreen.storyboard; sourceTree = "<group>"; };
		FFA64B92293630D50037091D /* Info.plist */ = {isa = PBXFileReference; lastKnownFileType = text.plist.xml; path = Info.plist; sourceTree = "<group>"; };
		FFA64B9C293631A20037091D /* MainViewController.swift */ = {isa = PBXFileReference; lastKnownFileType = sourcecode.swift; path = MainViewController.swift; sourceTree = "<group>"; };
		FFA64B9E293632BC0037091D /* Statistics.swift */ = {isa = PBXFileReference; lastKnownFileType = sourcecode.swift; path = Statistics.swift; sourceTree = "<group>"; };
		FFA64BA02936337C0037091D /* Card.swift */ = {isa = PBXFileReference; lastKnownFileType = sourcecode.swift; path = Card.swift; sourceTree = "<group>"; };
		FFA64BA2293633B90037091D /* Category.swift */ = {isa = PBXFileReference; lastKnownFileType = sourcecode.swift; path = Category.swift; sourceTree = "<group>"; };
		FFA64BA5293633FF0037091D /* CategoryColor.swift */ = {isa = PBXFileReference; lastKnownFileType = sourcecode.swift; path = CategoryColor.swift; sourceTree = "<group>"; };
		FFA64BA72936341B0037091D /* Task.swift */ = {isa = PBXFileReference; lastKnownFileType = sourcecode.swift; path = Task.swift; sourceTree = "<group>"; };
		FFA64BAB293634430037091D /* Status.swift */ = {isa = PBXFileReference; lastKnownFileType = sourcecode.swift; path = Status.swift; sourceTree = "<group>"; };
		FFA64BAD293634660037091D /* Priority.swift */ = {isa = PBXFileReference; lastKnownFileType = sourcecode.swift; path = Priority.swift; sourceTree = "<group>"; };
		FFA64BAF293634860037091D /* TaskList.swift */ = {isa = PBXFileReference; lastKnownFileType = sourcecode.swift; path = TaskList.swift; sourceTree = "<group>"; };
		FFA64BB2293635610037091D /* StatisticsCell.swift */ = {isa = PBXFileReference; lastKnownFileType = sourcecode.swift; path = StatisticsCell.swift; sourceTree = "<group>"; };
		FFA64BB3293635610037091D /* StatisticsCell.xib */ = {isa = PBXFileReference; lastKnownFileType = file.xib; path = StatisticsCell.xib; sourceTree = "<group>"; };
		FFA64BB8293637540037091D /* StatisticsCollectionViewCell.swift */ = {isa = PBXFileReference; lastKnownFileType = sourcecode.swift; path = StatisticsCollectionViewCell.swift; sourceTree = "<group>"; };
		FFA64BB9293637540037091D /* StatisticsCollectionViewCell.xib */ = {isa = PBXFileReference; lastKnownFileType = file.xib; path = StatisticsCollectionViewCell.xib; sourceTree = "<group>"; };
		FFA64BBD29363BA80037091D /* Extension+UIColor.swift */ = {isa = PBXFileReference; lastKnownFileType = sourcecode.swift; path = "Extension+UIColor.swift"; sourceTree = "<group>"; };
		FFA64BC4293649C90037091D /* CardTableViewCell.swift */ = {isa = PBXFileReference; lastKnownFileType = sourcecode.swift; path = CardTableViewCell.swift; sourceTree = "<group>"; };
		FFA64BC5293649C90037091D /* CardTableViewCell.xib */ = {isa = PBXFileReference; lastKnownFileType = file.xib; path = CardTableViewCell.xib; sourceTree = "<group>"; };
		FFA64BC929364B540037091D /* CardCollectionViewCell.swift */ = {isa = PBXFileReference; lastKnownFileType = sourcecode.swift; path = CardCollectionViewCell.swift; sourceTree = "<group>"; };
		FFA64BCA29364B540037091D /* CardCollectionViewCell.xib */ = {isa = PBXFileReference; lastKnownFileType = file.xib; path = CardCollectionViewCell.xib; sourceTree = "<group>"; };
		FFA64BD12936725E0037091D /* TaskTableViewCell.swift */ = {isa = PBXFileReference; lastKnownFileType = sourcecode.swift; path = TaskTableViewCell.swift; sourceTree = "<group>"; };
		FFA64BD22936725E0037091D /* TaskTableViewCell.xib */ = {isa = PBXFileReference; lastKnownFileType = file.xib; path = TaskTableViewCell.xib; sourceTree = "<group>"; };
		FFD389BB293F76D1005F4CFA /* DateViewCell.swift */ = {isa = PBXFileReference; fileEncoding = 4; lastKnownFileType = sourcecode.swift; path = DateViewCell.swift; sourceTree = "<group>"; };
		FFE6B5192938C3440062D15B /* TaskListViewController.swift */ = {isa = PBXFileReference; lastKnownFileType = sourcecode.swift; path = TaskListViewController.swift; sourceTree = "<group>"; };
		FFF04DBA295DAEC30050210E /* Database.swift */ = {isa = PBXFileReference; lastKnownFileType = sourcecode.swift; path = Database.swift; sourceTree = "<group>"; };
		FFFC52F229391D93004CA5D6 /* WeekCell.swift */ = {isa = PBXFileReference; lastKnownFileType = sourcecode.swift; path = WeekCell.swift; sourceTree = "<group>"; };
		FFFC52F4293920CB004CA5D6 /* WeekDays.swift */ = {isa = PBXFileReference; lastKnownFileType = sourcecode.swift; path = WeekDays.swift; sourceTree = "<group>"; };
		FFFC52F6293923D4004CA5D6 /* Extension+Date.swift */ = {isa = PBXFileReference; lastKnownFileType = sourcecode.swift; path = "Extension+Date.swift"; sourceTree = "<group>"; };
/* End PBXFileReference section */

/* Begin PBXFrameworksBuildPhase section */
		FFA64B7E293630D40037091D /* Frameworks */ = {
			isa = PBXFrameworksBuildPhase;
			buildActionMask = 2147483647;
			files = (
				4E7A8EC0E829C241A61EEFA9 /* Pods_BenyamList.framework in Frameworks */,
			);
			runOnlyForDeploymentPostprocessing = 0;
		};
/* End PBXFrameworksBuildPhase section */

/* Begin PBXGroup section */
		0BD93734F91C151652270196 /* Pods */ = {
			isa = PBXGroup;
			children = (
				6801B73432991F0003F58B98 /* Pods-BenyamList.debug.xcconfig */,
				F409F9BC74D9827AEBE5FAFF /* Pods-BenyamList.release.xcconfig */,
			);
			path = Pods;
			sourceTree = "<group>";
		};
		E7B56566AE9FE5AD1996CE61 /* Frameworks */ = {
			isa = PBXGroup;
			children = (
				9506EE7BD2F5D84FFCCD2991 /* Pods_BenyamList.framework */,
			);
			name = Frameworks;
			sourceTree = "<group>";
		};
		FF29C96A29660273005C0EA3 /* PriorityCell */ = {
			isa = PBXGroup;
			children = (
				FF29C9662965F82A005C0EA3 /* NewTaskPriorityCell.swift */,
				FF29C9682965FE29005C0EA3 /* NewTaskPriorityPickerCell.swift */,
			);
			path = PriorityCell;
			sourceTree = "<group>";
		};
		FF37E22F2937438F0098EAFC /* NewTaskList */ = {
			isa = PBXGroup;
			children = (
				FF37E230293743AF0098EAFC /* NewTaskListCollectionViewCell.swift */,
			);
			path = NewTaskList;
			sourceTree = "<group>";
		};
		FF4251AB29658D0900DCA9D7 /* NewTaskCategoryCell */ = {
			isa = PBXGroup;
			children = (
				FF4251A929658B9200DCA9D7 /* NewTaskCategoryCell.swift */,
				FF4251AC29658D3700DCA9D7 /* NewTaskCategoryCollectionViewCell.swift */,
			);
			path = NewTaskCategoryCell;
			sourceTree = "<group>";
		};
		FF5B45C329408A1E00F7CAB8 /* Category */ = {
			isa = PBXGroup;
			children = (
				FF5B45C429408A9900F7CAB8 /* CategoryViewCell.swift */,
				FF5B45C829408C5500F7CAB8 /* CollectionViewCell */,
			);
			path = Category;
			sourceTree = "<group>";
		};
		FF5B45C829408C5500F7CAB8 /* CollectionViewCell */ = {
			isa = PBXGroup;
			children = (
				FF5B45CD2940A0BD00F7CAB8 /* CategoryCollectionViewCell.swift */,
			);
			path = CollectionViewCell;
			sourceTree = "<group>";
		};
		FF5B45CF2940CD0200F7CAB8 /* Task */ = {
			isa = PBXGroup;
			children = (
				FF5B45D42940CF6100F7CAB8 /* AllTaskTableViewCell.swift */,
				FF5B45D52940CF6100F7CAB8 /* AllTaskTableViewCell.xib */,
			);
			path = Task;
			sourceTree = "<group>";
		};
		FF5B45D82940D24200F7CAB8 /* Label */ = {
			isa = PBXGroup;
			children = (
				FF5B45DB2940D27900F7CAB8 /* UILabelPadding.swift */,
			);
			path = Label;
			sourceTree = "<group>";
		};
		FF80201A295A0B0100F94AE9 /* New Task */ = {
			isa = PBXGroup;
			children = (
				FF80201B295A0DDF00F94AE9 /* NewTaskDetailCell.swift */,
				FF80201D295A1E1600F94AE9 /* NewTaskDateAndTimeCell.swift */,
				FF802021295A344C00F94AE9 /* NewTaskReminderCell.swift */,
				FF29C96A29660273005C0EA3 /* PriorityCell */,
				FF4251AB29658D0900DCA9D7 /* NewTaskCategoryCell */,
			);
			path = "New Task";
			sourceTree = "<group>";
		};
		FF9A0C4B293697830009D328 /* TableView */ = {
			isa = PBXGroup;
			children = (
				FF9A0C4C293697D60009D328 /* TaskHeaderView.swift */,
				FF9A0C4E293697FE0009D328 /* TaskHeaderView.xib */,
			);
			path = TableView;
			sourceTree = "<group>";
		};
		FFA64B78293630D40037091D = {
			isa = PBXGroup;
			children = (
				FFA64B83293630D40037091D /* BenyamList */,
				FFA64B82293630D40037091D /* Products */,
				0BD93734F91C151652270196 /* Pods */,
				E7B56566AE9FE5AD1996CE61 /* Frameworks */,
			);
			sourceTree = "<group>";
		};
		FFA64B82293630D40037091D /* Products */ = {
			isa = PBXGroup;
			children = (
				FFA64B81293630D40037091D /* BenyamList.app */,
			);
			name = Products;
			sourceTree = "<group>";
		};
		FFA64B83293630D40037091D /* BenyamList */ = {
			isa = PBXGroup;
			children = (
				FFA64B9B293630FE0037091D /* Supportive Files */,
				FFA64BBC29363B920037091D /* Extensions */,
				FFA64B9A293630F80037091D /* View */,
				FFA64B99293630F20037091D /* Model */,
				FFA64B98293630EB0037091D /* Controller */,
				FFA64B8A293630D40037091D /* Main.storyboard */,
				FFA64B8D293630D50037091D /* Assets.xcassets */,
				FFA64B8F293630D50037091D /* LaunchScreen.storyboard */,
				FFA64B92293630D50037091D /* Info.plist */,
			);
			path = BenyamList;
			sourceTree = "<group>";
		};
		FFA64B98293630EB0037091D /* Controller */ = {
			isa = PBXGroup;
			children = (
				FFA64B9C293631A20037091D /* MainViewController.swift */,
				FF37E22B293715C90098EAFC /* NewListViewController.swift */,
				FFE6B5192938C3440062D15B /* TaskListViewController.swift */,
				FF802016295A092000F94AE9 /* TaskViewController.swift */,
			);
			path = Controller;
			sourceTree = "<group>";
		};
		FFA64B99293630F20037091D /* Model */ = {
			isa = PBXGroup;
			children = (
				FFA64BA4293633F20037091D /* Enum */,
				FFA64BAF293634860037091D /* TaskList.swift */,
				FFA64B9E293632BC0037091D /* Statistics.swift */,
				FFA64BA02936337C0037091D /* Card.swift */,
				FFA64BA2293633B90037091D /* Category.swift */,
				FFA64BA72936341B0037091D /* Task.swift */,
				FFFC52F4293920CB004CA5D6 /* WeekDays.swift */,
				FFF04DBA295DAEC30050210E /* Database.swift */,
			);
			path = Model;
			sourceTree = "<group>";
		};
		FFA64B9A293630F80037091D /* View */ = {
			isa = PBXGroup;
			children = (
				FF80201A295A0B0100F94AE9 /* New Task */,
				FF5B45D82940D24200F7CAB8 /* Label */,
				FFE6B5292938FCF80062D15B /* Sections */,
				FF37E22F2937438F0098EAFC /* NewTaskList */,
				FF9A0C4B293697830009D328 /* TableView */,
				FFA64BC1293648600037091D /* Main */,
			);
			path = View;
			sourceTree = "<group>";
		};
		FFA64B9B293630FE0037091D /* Supportive Files */ = {
			isa = PBXGroup;
			children = (
				FFA64B84293630D40037091D /* AppDelegate.swift */,
				FFA64B86293630D40037091D /* SceneDelegate.swift */,
			);
			path = "Supportive Files";
			sourceTree = "<group>";
		};
		FFA64BA4293633F20037091D /* Enum */ = {
			isa = PBXGroup;
			children = (
				FFA64BA5293633FF0037091D /* CategoryColor.swift */,
				FFA64BAB293634430037091D /* Status.swift */,
				FFA64BAD293634660037091D /* Priority.swift */,
			);
			path = Enum;
			sourceTree = "<group>";
		};
		FFA64BB12936353D0037091D /* Statistics */ = {
			isa = PBXGroup;
			children = (
				FFA64BB72936372B0037091D /* CollectionViewCell */,
				FFA64BB6293637190037091D /* TableViewCell */,
			);
			path = Statistics;
			sourceTree = "<group>";
		};
		FFA64BB6293637190037091D /* TableViewCell */ = {
			isa = PBXGroup;
			children = (
				FFA64BB2293635610037091D /* StatisticsCell.swift */,
				FFA64BB3293635610037091D /* StatisticsCell.xib */,
			);
			path = TableViewCell;
			sourceTree = "<group>";
		};
		FFA64BB72936372B0037091D /* CollectionViewCell */ = {
			isa = PBXGroup;
			children = (
				FFA64BB8293637540037091D /* StatisticsCollectionViewCell.swift */,
				FFA64BB9293637540037091D /* StatisticsCollectionViewCell.xib */,
			);
			path = CollectionViewCell;
			sourceTree = "<group>";
		};
		FFA64BBC29363B920037091D /* Extensions */ = {
			isa = PBXGroup;
			children = (
				FFA64BBD29363BA80037091D /* Extension+UIColor.swift */,
				FF37E22D293724230098EAFC /* Extension+UIView.swift */,
				FFFC52F6293923D4004CA5D6 /* Extension+Date.swift */,
			);
			path = Extensions;
			sourceTree = "<group>";
		};
		FFA64BC1293648600037091D /* Main */ = {
			isa = PBXGroup;
			children = (
				FFA64BCD2936720D0037091D /* MainTasks */,
				FFA64BC22936486A0037091D /* Cards */,
				FFA64BB12936353D0037091D /* Statistics */,
			);
			path = Main;
			sourceTree = "<group>";
		};
		FFA64BC22936486A0037091D /* Cards */ = {
			isa = PBXGroup;
			children = (
				FFA64BC829364B360037091D /* CollectionViewCell */,
				FFA64BC3293648720037091D /* TableViewCell */,
			);
			path = Cards;
			sourceTree = "<group>";
		};
		FFA64BC3293648720037091D /* TableViewCell */ = {
			isa = PBXGroup;
			children = (
				FFA64BC4293649C90037091D /* CardTableViewCell.swift */,
				FFA64BC5293649C90037091D /* CardTableViewCell.xib */,
			);
			path = TableViewCell;
			sourceTree = "<group>";
		};
		FFA64BC829364B360037091D /* CollectionViewCell */ = {
			isa = PBXGroup;
			children = (
				FFA64BC929364B540037091D /* CardCollectionViewCell.swift */,
				FFA64BCA29364B540037091D /* CardCollectionViewCell.xib */,
			);
			path = CollectionViewCell;
			sourceTree = "<group>";
		};
		FFA64BCD2936720D0037091D /* MainTasks */ = {
			isa = PBXGroup;
			children = (
				FFA64BD02936723B0037091D /* TableViewCell */,
			);
			path = MainTasks;
			sourceTree = "<group>";
		};
		FFA64BD02936723B0037091D /* TableViewCell */ = {
			isa = PBXGroup;
			children = (
				FFA64BD12936725E0037091D /* TaskTableViewCell.swift */,
				FFA64BD22936725E0037091D /* TaskTableViewCell.xib */,
			);
			path = TableViewCell;
			sourceTree = "<group>";
		};
		FFE6B5292938FCF80062D15B /* Sections */ = {
			isa = PBXGroup;
			children = (
				FFE6B52A2938FD010062D15B /* All */,
			);
			path = Sections;
			sourceTree = "<group>";
		};
		FFE6B52A2938FD010062D15B /* All */ = {
			isa = PBXGroup;
			children = (
				FF5B45CF2940CD0200F7CAB8 /* Task */,
				FF5B45C329408A1E00F7CAB8 /* Category */,
				FFE6B52B2938FD0E0062D15B /* Calendar */,
			);
			path = All;
			sourceTree = "<group>";
		};
		FFE6B52B2938FD0E0062D15B /* Calendar */ = {
			isa = PBXGroup;
			children = (
				FFD389BB293F76D1005F4CFA /* DateViewCell.swift */,
				FFFC52F129391D6F004CA5D6 /* WeekView */,
			);
			path = Calendar;
			sourceTree = "<group>";
		};
		FFFC52F129391D6F004CA5D6 /* WeekView */ = {
			isa = PBXGroup;
			children = (
				FFFC52F229391D93004CA5D6 /* WeekCell.swift */,
			);
			path = WeekView;
			sourceTree = "<group>";
		};
/* End PBXGroup section */

/* Begin PBXNativeTarget section */
		FFA64B80293630D40037091D /* BenyamList */ = {
			isa = PBXNativeTarget;
			buildConfigurationList = FFA64B95293630D50037091D /* Build configuration list for PBXNativeTarget "BenyamList" */;
			buildPhases = (
				9FB4D9C817178F11BE116C11 /* [CP] Check Pods Manifest.lock */,
				FFA64B7D293630D40037091D /* Sources */,
				FFA64B7E293630D40037091D /* Frameworks */,
				FFA64B7F293630D40037091D /* Resources */,
				0CEBBDC19F51CDCEC9BED330 /* [CP] Embed Pods Frameworks */,
			);
			buildRules = (
			);
			dependencies = (
			);
			name = BenyamList;
			productName = BenyamList;
			productReference = FFA64B81293630D40037091D /* BenyamList.app */;
			productType = "com.apple.product-type.application";
		};
/* End PBXNativeTarget section */

/* Begin PBXProject section */
		FFA64B79293630D40037091D /* Project object */ = {
			isa = PBXProject;
			attributes = {
				BuildIndependentTargetsInParallel = 1;
				LastSwiftUpdateCheck = 1340;
				LastUpgradeCheck = 1340;
				TargetAttributes = {
					FFA64B80293630D40037091D = {
						CreatedOnToolsVersion = 13.4.1;
					};
				};
			};
			buildConfigurationList = FFA64B7C293630D40037091D /* Build configuration list for PBXProject "BenyamList" */;
			compatibilityVersion = "Xcode 13.0";
			developmentRegion = en;
			hasScannedForEncodings = 0;
			knownRegions = (
				en,
				Base,
			);
			mainGroup = FFA64B78293630D40037091D;
			productRefGroup = FFA64B82293630D40037091D /* Products */;
			projectDirPath = "";
			projectRoot = "";
			targets = (
				FFA64B80293630D40037091D /* BenyamList */,
			);
		};
/* End PBXProject section */

/* Begin PBXResourcesBuildPhase section */
		FFA64B7F293630D40037091D /* Resources */ = {
			isa = PBXResourcesBuildPhase;
			buildActionMask = 2147483647;
			files = (
				FFA64B91293630D50037091D /* LaunchScreen.storyboard in Resources */,
				FF9A0C4F293697FE0009D328 /* TaskHeaderView.xib in Resources */,
				FFA64BBB293637540037091D /* StatisticsCollectionViewCell.xib in Resources */,
				FFA64B8E293630D50037091D /* Assets.xcassets in Resources */,
				FFA64BB5293635610037091D /* StatisticsCell.xib in Resources */,
				FFA64BD42936725E0037091D /* TaskTableViewCell.xib in Resources */,
				FFA64B8C293630D40037091D /* Main.storyboard in Resources */,
				FFA64BCC29364B550037091D /* CardCollectionViewCell.xib in Resources */,
				FF5B45D72940CF6100F7CAB8 /* AllTaskTableViewCell.xib in Resources */,
				FFA64BC7293649C90037091D /* CardTableViewCell.xib in Resources */,
			);
			runOnlyForDeploymentPostprocessing = 0;
		};
/* End PBXResourcesBuildPhase section */

/* Begin PBXShellScriptBuildPhase section */
		0CEBBDC19F51CDCEC9BED330 /* [CP] Embed Pods Frameworks */ = {
			isa = PBXShellScriptBuildPhase;
			buildActionMask = 2147483647;
			files = (
			);
			inputFileListPaths = (
				"${PODS_ROOT}/Target Support Files/Pods-BenyamList/Pods-BenyamList-frameworks-${CONFIGURATION}-input-files.xcfilelist",
			);
			name = "[CP] Embed Pods Frameworks";
			outputFileListPaths = (
				"${PODS_ROOT}/Target Support Files/Pods-BenyamList/Pods-BenyamList-frameworks-${CONFIGURATION}-output-files.xcfilelist",
			);
			runOnlyForDeploymentPostprocessing = 0;
			shellPath = /bin/sh;
			shellScript = "\"${PODS_ROOT}/Target Support Files/Pods-BenyamList/Pods-BenyamList-frameworks.sh\"\n";
			showEnvVarsInLog = 0;
		};
		9FB4D9C817178F11BE116C11 /* [CP] Check Pods Manifest.lock */ = {
			isa = PBXShellScriptBuildPhase;
			buildActionMask = 2147483647;
			files = (
			);
			inputFileListPaths = (
			);
			inputPaths = (
				"${PODS_PODFILE_DIR_PATH}/Podfile.lock",
				"${PODS_ROOT}/Manifest.lock",
			);
			name = "[CP] Check Pods Manifest.lock";
			outputFileListPaths = (
			);
			outputPaths = (
				"$(DERIVED_FILE_DIR)/Pods-BenyamList-checkManifestLockResult.txt",
			);
			runOnlyForDeploymentPostprocessing = 0;
			shellPath = /bin/sh;
			shellScript = "diff \"${PODS_PODFILE_DIR_PATH}/Podfile.lock\" \"${PODS_ROOT}/Manifest.lock\" > /dev/null\nif [ $? != 0 ] ; then\n    # print error to STDERR\n    echo \"error: The sandbox is not in sync with the Podfile.lock. Run 'pod install' or update your CocoaPods installation.\" >&2\n    exit 1\nfi\n# This output is used by Xcode 'outputs' to avoid re-running this script phase.\necho \"SUCCESS\" > \"${SCRIPT_OUTPUT_FILE_0}\"\n";
			showEnvVarsInLog = 0;
		};
/* End PBXShellScriptBuildPhase section */

/* Begin PBXSourcesBuildPhase section */
		FFA64B7D293630D40037091D /* Sources */ = {
			isa = PBXSourcesBuildPhase;
			buildActionMask = 2147483647;
			files = (
				FFFC52F5293920CB004CA5D6 /* WeekDays.swift in Sources */,
				FFA64BA82936341B0037091D /* Task.swift in Sources */,
				FFA64BB0293634860037091D /* TaskList.swift in Sources */,
				FFE6B51A2938C3440062D15B /* TaskListViewController.swift in Sources */,
				FFA64BD32936725E0037091D /* TaskTableViewCell.swift in Sources */,
				FF5B45CE2940A0BD00F7CAB8 /* CategoryCollectionViewCell.swift in Sources */,
				FFF04DBB295DAEC30050210E /* Database.swift in Sources */,
				FF5B45D62940CF6100F7CAB8 /* AllTaskTableViewCell.swift in Sources */,
				FF37E22C293715C90098EAFC /* NewListViewController.swift in Sources */,
				FF5B45C529408A9900F7CAB8 /* CategoryViewCell.swift in Sources */,
				FFA64BB4293635610037091D /* StatisticsCell.swift in Sources */,
				FFA64BBA293637540037091D /* StatisticsCollectionViewCell.swift in Sources */,
				FFA64B9D293631A20037091D /* MainViewController.swift in Sources */,
				FFA64B85293630D40037091D /* AppDelegate.swift in Sources */,
				FFA64BAE293634660037091D /* Priority.swift in Sources */,
				FFA64BA6293633FF0037091D /* CategoryColor.swift in Sources */,
				FFFC52F7293923D4004CA5D6 /* Extension+Date.swift in Sources */,
				FF802022295A344C00F94AE9 /* NewTaskReminderCell.swift in Sources */,
				FF9A0C4D293697D60009D328 /* TaskHeaderView.swift in Sources */,
				FFD389BC293F76D1005F4CFA /* DateViewCell.swift in Sources */,
				FF802017295A092000F94AE9 /* TaskViewController.swift in Sources */,
				FF5B45DC2940D27900F7CAB8 /* UILabelPadding.swift in Sources */,
				FFFC52F329391D93004CA5D6 /* WeekCell.swift in Sources */,
				FFA64BCB29364B540037091D /* CardCollectionViewCell.swift in Sources */,
				FFA64BA12936337C0037091D /* Card.swift in Sources */,
				FFA64BBE29363BA80037091D /* Extension+UIColor.swift in Sources */,
				FF80201C295A0DDF00F94AE9 /* NewTaskDetailCell.swift in Sources */,
				FF37E22E293724230098EAFC /* Extension+UIView.swift in Sources */,
				FFA64B9F293632BC0037091D /* Statistics.swift in Sources */,
				FF29C9692965FE29005C0EA3 /* NewTaskPriorityPickerCell.swift in Sources */,
				FFA64B87293630D40037091D /* SceneDelegate.swift in Sources */,
				FF4251AD29658D3700DCA9D7 /* NewTaskCategoryCollectionViewCell.swift in Sources */,
				FFA64BAC293634430037091D /* Status.swift in Sources */,
				FFA64BA3293633B90037091D /* Category.swift in Sources */,
				FF80201E295A1E1600F94AE9 /* NewTaskDateAndTimeCell.swift in Sources */,
				FF37E232293743AF0098EAFC /* NewTaskListCollectionViewCell.swift in Sources */,
				FF29C9672965F82A005C0EA3 /* NewTaskPriorityCell.swift in Sources */,
				FFA64BC6293649C90037091D /* CardTableViewCell.swift in Sources */,
				FF4251AA29658B9200DCA9D7 /* NewTaskCategoryCell.swift in Sources */,
			);
			runOnlyForDeploymentPostprocessing = 0;
		};
/* End PBXSourcesBuildPhase section */

/* Begin PBXVariantGroup section */
		FFA64B8A293630D40037091D /* Main.storyboard */ = {
			isa = PBXVariantGroup;
			children = (
				FFA64B8B293630D40037091D /* Base */,
			);
			name = Main.storyboard;
			sourceTree = "<group>";
		};
		FFA64B8F293630D50037091D /* LaunchScreen.storyboard */ = {
			isa = PBXVariantGroup;
			children = (
				FFA64B90293630D50037091D /* Base */,
			);
			name = LaunchScreen.storyboard;
			sourceTree = "<group>";
		};
/* End PBXVariantGroup section */

/* Begin XCBuildConfiguration section */
		FFA64B93293630D50037091D /* Debug */ = {
			isa = XCBuildConfiguration;
			buildSettings = {
				ALWAYS_SEARCH_USER_PATHS = NO;
				CLANG_ANALYZER_NONNULL = YES;
				CLANG_ANALYZER_NUMBER_OBJECT_CONVERSION = YES_AGGRESSIVE;
				CLANG_CXX_LANGUAGE_STANDARD = "gnu++17";
				CLANG_ENABLE_MODULES = YES;
				CLANG_ENABLE_OBJC_ARC = YES;
				CLANG_ENABLE_OBJC_WEAK = YES;
				CLANG_WARN_BLOCK_CAPTURE_AUTORELEASING = YES;
				CLANG_WARN_BOOL_CONVERSION = YES;
				CLANG_WARN_COMMA = YES;
				CLANG_WARN_CONSTANT_CONVERSION = YES;
				CLANG_WARN_DEPRECATED_OBJC_IMPLEMENTATIONS = YES;
				CLANG_WARN_DIRECT_OBJC_ISA_USAGE = YES_ERROR;
				CLANG_WARN_DOCUMENTATION_COMMENTS = YES;
				CLANG_WARN_EMPTY_BODY = YES;
				CLANG_WARN_ENUM_CONVERSION = YES;
				CLANG_WARN_INFINITE_RECURSION = YES;
				CLANG_WARN_INT_CONVERSION = YES;
				CLANG_WARN_NON_LITERAL_NULL_CONVERSION = YES;
				CLANG_WARN_OBJC_IMPLICIT_RETAIN_SELF = YES;
				CLANG_WARN_OBJC_LITERAL_CONVERSION = YES;
				CLANG_WARN_OBJC_ROOT_CLASS = YES_ERROR;
				CLANG_WARN_QUOTED_INCLUDE_IN_FRAMEWORK_HEADER = YES;
				CLANG_WARN_RANGE_LOOP_ANALYSIS = YES;
				CLANG_WARN_STRICT_PROTOTYPES = YES;
				CLANG_WARN_SUSPICIOUS_MOVE = YES;
				CLANG_WARN_UNGUARDED_AVAILABILITY = YES_AGGRESSIVE;
				CLANG_WARN_UNREACHABLE_CODE = YES;
				CLANG_WARN__DUPLICATE_METHOD_MATCH = YES;
				COPY_PHASE_STRIP = NO;
				DEBUG_INFORMATION_FORMAT = dwarf;
				ENABLE_STRICT_OBJC_MSGSEND = YES;
				ENABLE_TESTABILITY = YES;
				GCC_C_LANGUAGE_STANDARD = gnu11;
				GCC_DYNAMIC_NO_PIC = NO;
				GCC_NO_COMMON_BLOCKS = YES;
				GCC_OPTIMIZATION_LEVEL = 0;
				GCC_PREPROCESSOR_DEFINITIONS = (
					"DEBUG=1",
					"$(inherited)",
				);
				GCC_WARN_64_TO_32_BIT_CONVERSION = YES;
				GCC_WARN_ABOUT_RETURN_TYPE = YES_ERROR;
				GCC_WARN_UNDECLARED_SELECTOR = YES;
				GCC_WARN_UNINITIALIZED_AUTOS = YES_AGGRESSIVE;
				GCC_WARN_UNUSED_FUNCTION = YES;
				GCC_WARN_UNUSED_VARIABLE = YES;
				IPHONEOS_DEPLOYMENT_TARGET = 15.5;
				MTL_ENABLE_DEBUG_INFO = INCLUDE_SOURCE;
				MTL_FAST_MATH = YES;
				ONLY_ACTIVE_ARCH = YES;
				SDKROOT = iphoneos;
				SWIFT_ACTIVE_COMPILATION_CONDITIONS = DEBUG;
				SWIFT_OPTIMIZATION_LEVEL = "-Onone";
			};
			name = Debug;
		};
		FFA64B94293630D50037091D /* Release */ = {
			isa = XCBuildConfiguration;
			buildSettings = {
				ALWAYS_SEARCH_USER_PATHS = NO;
				CLANG_ANALYZER_NONNULL = YES;
				CLANG_ANALYZER_NUMBER_OBJECT_CONVERSION = YES_AGGRESSIVE;
				CLANG_CXX_LANGUAGE_STANDARD = "gnu++17";
				CLANG_ENABLE_MODULES = YES;
				CLANG_ENABLE_OBJC_ARC = YES;
				CLANG_ENABLE_OBJC_WEAK = YES;
				CLANG_WARN_BLOCK_CAPTURE_AUTORELEASING = YES;
				CLANG_WARN_BOOL_CONVERSION = YES;
				CLANG_WARN_COMMA = YES;
				CLANG_WARN_CONSTANT_CONVERSION = YES;
				CLANG_WARN_DEPRECATED_OBJC_IMPLEMENTATIONS = YES;
				CLANG_WARN_DIRECT_OBJC_ISA_USAGE = YES_ERROR;
				CLANG_WARN_DOCUMENTATION_COMMENTS = YES;
				CLANG_WARN_EMPTY_BODY = YES;
				CLANG_WARN_ENUM_CONVERSION = YES;
				CLANG_WARN_INFINITE_RECURSION = YES;
				CLANG_WARN_INT_CONVERSION = YES;
				CLANG_WARN_NON_LITERAL_NULL_CONVERSION = YES;
				CLANG_WARN_OBJC_IMPLICIT_RETAIN_SELF = YES;
				CLANG_WARN_OBJC_LITERAL_CONVERSION = YES;
				CLANG_WARN_OBJC_ROOT_CLASS = YES_ERROR;
				CLANG_WARN_QUOTED_INCLUDE_IN_FRAMEWORK_HEADER = YES;
				CLANG_WARN_RANGE_LOOP_ANALYSIS = YES;
				CLANG_WARN_STRICT_PROTOTYPES = YES;
				CLANG_WARN_SUSPICIOUS_MOVE = YES;
				CLANG_WARN_UNGUARDED_AVAILABILITY = YES_AGGRESSIVE;
				CLANG_WARN_UNREACHABLE_CODE = YES;
				CLANG_WARN__DUPLICATE_METHOD_MATCH = YES;
				COPY_PHASE_STRIP = NO;
				DEBUG_INFORMATION_FORMAT = "dwarf-with-dsym";
				ENABLE_NS_ASSERTIONS = NO;
				ENABLE_STRICT_OBJC_MSGSEND = YES;
				GCC_C_LANGUAGE_STANDARD = gnu11;
				GCC_NO_COMMON_BLOCKS = YES;
				GCC_WARN_64_TO_32_BIT_CONVERSION = YES;
				GCC_WARN_ABOUT_RETURN_TYPE = YES_ERROR;
				GCC_WARN_UNDECLARED_SELECTOR = YES;
				GCC_WARN_UNINITIALIZED_AUTOS = YES_AGGRESSIVE;
				GCC_WARN_UNUSED_FUNCTION = YES;
				GCC_WARN_UNUSED_VARIABLE = YES;
				IPHONEOS_DEPLOYMENT_TARGET = 15.5;
				MTL_ENABLE_DEBUG_INFO = NO;
				MTL_FAST_MATH = YES;
				SDKROOT = iphoneos;
				SWIFT_COMPILATION_MODE = wholemodule;
				SWIFT_OPTIMIZATION_LEVEL = "-O";
				VALIDATE_PRODUCT = YES;
			};
			name = Release;
		};
		FFA64B96293630D50037091D /* Debug */ = {
			isa = XCBuildConfiguration;
			baseConfigurationReference = 6801B73432991F0003F58B98 /* Pods-BenyamList.debug.xcconfig */;
			buildSettings = {
				ASSETCATALOG_COMPILER_APPICON_NAME = AppIcon;
				ASSETCATALOG_COMPILER_GLOBAL_ACCENT_COLOR_NAME = AccentColor;
				CODE_SIGN_STYLE = Automatic;
				CURRENT_PROJECT_VERSION = 1;
				DEVELOPMENT_TEAM = 3RYA52PLG7;
				GENERATE_INFOPLIST_FILE = YES;
				INFOPLIST_FILE = BenyamList/Info.plist;
				INFOPLIST_KEY_UIApplicationSupportsIndirectInputEvents = YES;
				INFOPLIST_KEY_UILaunchStoryboardName = LaunchScreen;
				INFOPLIST_KEY_UIMainStoryboardFile = Main;
				INFOPLIST_KEY_UISupportedInterfaceOrientations_iPad = "UIInterfaceOrientationPortrait UIInterfaceOrientationPortraitUpsideDown UIInterfaceOrientationLandscapeLeft UIInterfaceOrientationLandscapeRight";
				INFOPLIST_KEY_UISupportedInterfaceOrientations_iPhone = "UIInterfaceOrientationPortrait UIInterfaceOrientationLandscapeLeft UIInterfaceOrientationLandscapeRight";
				LD_RUNPATH_SEARCH_PATHS = (
					"$(inherited)",
					"@executable_path/Frameworks",
				);
				MARKETING_VERSION = 1.0;
				PRODUCT_BUNDLE_IDENTIFIER = com.benyam.BenyamList;
				PRODUCT_NAME = "$(TARGET_NAME)";
				SWIFT_EMIT_LOC_STRINGS = YES;
				SWIFT_VERSION = 5.0;
				TARGETED_DEVICE_FAMILY = "1,2";
			};
			name = Debug;
		};
		FFA64B97293630D50037091D /* Release */ = {
			isa = XCBuildConfiguration;
			baseConfigurationReference = F409F9BC74D9827AEBE5FAFF /* Pods-BenyamList.release.xcconfig */;
			buildSettings = {
				ASSETCATALOG_COMPILER_APPICON_NAME = AppIcon;
				ASSETCATALOG_COMPILER_GLOBAL_ACCENT_COLOR_NAME = AccentColor;
				CODE_SIGN_STYLE = Automatic;
				CURRENT_PROJECT_VERSION = 1;
				DEVELOPMENT_TEAM = 3RYA52PLG7;
				GENERATE_INFOPLIST_FILE = YES;
				INFOPLIST_FILE = BenyamList/Info.plist;
				INFOPLIST_KEY_UIApplicationSupportsIndirectInputEvents = YES;
				INFOPLIST_KEY_UILaunchStoryboardName = LaunchScreen;
				INFOPLIST_KEY_UIMainStoryboardFile = Main;
				INFOPLIST_KEY_UISupportedInterfaceOrientations_iPad = "UIInterfaceOrientationPortrait UIInterfaceOrientationPortraitUpsideDown UIInterfaceOrientationLandscapeLeft UIInterfaceOrientationLandscapeRight";
				INFOPLIST_KEY_UISupportedInterfaceOrientations_iPhone = "UIInterfaceOrientationPortrait UIInterfaceOrientationLandscapeLeft UIInterfaceOrientationLandscapeRight";
				LD_RUNPATH_SEARCH_PATHS = (
					"$(inherited)",
					"@executable_path/Frameworks",
				);
				MARKETING_VERSION = 1.0;
				PRODUCT_BUNDLE_IDENTIFIER = com.benyam.BenyamList;
				PRODUCT_NAME = "$(TARGET_NAME)";
				SWIFT_EMIT_LOC_STRINGS = YES;
				SWIFT_VERSION = 5.0;
				TARGETED_DEVICE_FAMILY = "1,2";
			};
			name = Release;
		};
/* End XCBuildConfiguration section */

/* Begin XCConfigurationList section */
		FFA64B7C293630D40037091D /* Build configuration list for PBXProject "BenyamList" */ = {
			isa = XCConfigurationList;
			buildConfigurations = (
				FFA64B93293630D50037091D /* Debug */,
				FFA64B94293630D50037091D /* Release */,
			);
			defaultConfigurationIsVisible = 0;
			defaultConfigurationName = Release;
		};
		FFA64B95293630D50037091D /* Build configuration list for PBXNativeTarget "BenyamList" */ = {
			isa = XCConfigurationList;
			buildConfigurations = (
				FFA64B96293630D50037091D /* Debug */,
				FFA64B97293630D50037091D /* Release */,
			);
			defaultConfigurationIsVisible = 0;
			defaultConfigurationName = Release;
		};
/* End XCConfigurationList section */
	};
	rootObject = FFA64B79293630D40037091D /* Project object */;
}
